
Microsoft Visual Studio Solution File, Format Version 12.00
# Visual Studio Version 17
VisualStudioVersion = 17.0.31903.59
MinimumVisualStudioVersion = 10.0.40219.1
Project("{FAE04EC0-301F-11D3-BF4B-00C04F79EFBC}") = "Hg", "Hg\Hg.csproj", "{8550B2EF-0B71-4DFE-B46B-822C4D3DDF6E}"
EndProject
Project("{FAE04EC0-301F-11D3-BF4B-00C04F79EFBC}") = "Hg.Tests", "Hg.Tests\Hg.Tests.csproj", "{D3E8D2F0-48B4-4CF8-9E65-0EB7201E57E3}"
EndProject
Global
	GlobalSection(SolutionConfigurationPlatforms) = preSolution
		Debug|Any CPU = Debug|Any CPU
		Release|Any CPU = Release|Any CPU
	EndGlobalSection
	GlobalSection(ProjectConfigurationPlatforms) = postSolution
		{8550B2EF-0B71-4DFE-B46B-822C4D3DDF6E}.Debug|Any CPU.ActiveCfg = Debug|Any CPU
		{8550B2EF-0B71-4DFE-B46B-822C4D3DDF6E}.Debug|Any CPU.Build.0 = Debug|Any CPU
		{8550B2EF-0B71-4DFE-B46B-822C4D3DDF6E}.Release|Any CPU.ActiveCfg = Release|Any CPU
		{8550B2EF-0B71-4DFE-B46B-822C4D3DDF6E}.Release|Any CPU.Build.0 = Release|Any CPU
		{D3E8D2F0-48B4-4CF8-9E65-0EB7201E57E3}.Debug|Any CPU.ActiveCfg = Debug|Any CPU
		{D3E8D2F0-48B4-4CF8-9E65-0EB7201E57E3}.Debug|Any CPU.Build.0 = Debug|Any CPU
		{D3E8D2F0-48B4-4CF8-9E65-0EB7201E57E3}.Release|Any CPU.ActiveCfg = Release|Any CPU
		{D3E8D2F0-48B4-4CF8-9E65-0EB7201E57E3}.Release|Any CPU.Build.0 = Release|Any CPU
	EndGlobalSection
	GlobalSection(SolutionProperties) = preSolution
		HideSolutionNode = FALSE
	EndGlobalSection
	GlobalSection(ExtensibilityGlobals) = postSolution
		SolutionGuid = {3381BCD7-E5D7-4405-8A86-7CE5E028FE4A}
	EndGlobalSection
EndGlobal
